PODS:
  - ACPAnalytics (2.0.1):
    - ACPAnalytics/iOS (= 2.0.1)
    - ACPCore (~> 2.0)
  - ACPAnalytics/iOS (2.0.1):
    - ACPCore (~> 2.0)
  - ACPCore (2.0.1):
    - ACPCore/iOS (= 2.0.1)
  - ACPCore/iOS (2.0.1)
  - ACPTarget (2.0.0):
    - ACPCore (~> 2.0)
    - ACPTarget/iOS (= 2.0.0)
  - ACPTarget/iOS (2.0.0):
    - ACPCore (~> 2.0)
  - ACPUserProfile (2.0.1):
    - ACPCore (~> 2.0)
    - ACPUserProfile/iOS (= 2.0.1)
  - ACPUserProfile/iOS (2.0.1):
    - ACPCore (~> 2.0)

DEPENDENCIES:
  - ACPAnalytics (~> 2.0)
  - ACPCore (~> 2.0)
  - ACPTarget (~> 2.0)
  - ACPUserProfile (~> 2.0)

SPEC REPOS:
  https://github.com/cocoapods/specs.git:
    - ACPAnalytics
    - ACPCore
    - ACPTarget
    - ACPUserProfile

SPEC CHECKSUMS:
  ACPAnalytics: b570cf7c7c91c66b94b9adaaabc4b58a64c6da5d
  ACPCore: 18f65b91b8752778799310527f46cf23c0d6facf
  ACPTarget: d55590eeeafb66bcbbdd66b24749d23b60b09e9a
  ACPUserProfile: d5141c8f5154e10e3a08124649ddaae13efd5131

PODFILE CHECKSUM: 2f849dc7edb7ac55765b86be32c60d0b4abfda9f

COCOAPODS: 1.5.3
